
Microsoft Visual Studio Solution File, Format Version 12.00
# Visual Studio Version 17
VisualStudioVersion = 17.3.32804.467
MinimumVisualStudioVersion = 10.0.40219.1
Project("{FAE04EC0-301F-11D3-BF4B-00C04F79EFBC}") = "VB_FixPluginConnect", "VB_FixPluginConnect\VB_FixPluginConnect.csproj", "{FDA48EAB-AACB-4AAF-967D-829CBC4E4EE8}"
EndProject
Global
	GlobalSection(SolutionConfigurationPlatforms) = preSolution
		Debug|Any CPU = Debug|Any CPU
		Release|Any CPU = Release|Any CPU
	EndGlobalSection
	GlobalSection(ProjectConfigurationPlatforms) = postSolution
		{FDA48EAB-AACB-4AAF-967D-829CBC4E4EE8}.Debug|Any CPU.ActiveCfg = Debug|Any CPU
		{FDA48EAB-AACB-4AAF-967D-829CBC4E4EE8}.Debug|Any CPU.Build.0 = Debug|Any CPU
		{FDA48EAB-AACB-4AAF-967D-829CBC4E4EE8}.Release|Any CPU.ActiveCfg = Release|Any CPU
		{FDA48EAB-AACB-4AAF-967D-829CBC4E4EE8}.Release|Any CPU.Build.0 = Release|Any CPU
	EndGlobalSection
	GlobalSection(SolutionProperties) = preSolution
		HideSolutionNode = FALSE
	EndGlobalSection
	GlobalSection(ExtensibilityGlobals) = postSolution
		SolutionGuid = {99C05253-2A19-44D5-AE6D-00C8D8269259}
	EndGlobalSection
EndGlobal
